// !$*UTF8*$!
{
	archiveVersion = 1;
	classes = {
	};
	objectVersion = 55;
	objects = {

/* Begin PBXBuildFile section */
		0A66BB72272E6235002DB830 /* USDZviewerApp.swift in Sources */ = {isa = PBXBuildFile; fileRef = 0A66BB71272E6235002DB830 /* USDZviewerApp.swift */; };
		0A66BB74272E6235002DB830 /* ContentView.swift in Sources */ = {isa = PBXBuildFile; fileRef = 0A66BB73272E6235002DB830 /* ContentView.swift */; };
		0A66BB76272E6236002DB830 /* Assets.xcassets in Resources */ = {isa = PBXBuildFile; fileRef = 0A66BB75272E6236002DB830 /* Assets.xcassets */; };
		0A66BB79272E6236002DB830 /* Preview Assets.xcassets in Resources */ = {isa = PBXBuildFile; fileRef = 0A66BB78272E6236002DB830 /* Preview Assets.xcassets */; };
		0A66BB83272E6236002DB830 /* USDZviewerTests.swift in Sources */ = {isa = PBXBuildFile; fileRef = 0A66BB82272E6236002DB830 /* USDZviewerTests.swift */; };
		0A66BB8D272E6236002DB830 /* USDZviewerUITests.swift in Sources */ = {isa = PBXBuildFile; fileRef = 0A66BB8C272E6236002DB830 /* USDZviewerUITests.swift */; };
		0A66BB8F272E6236002DB830 /* USDZviewerUITestsLaunchTests.swift in Sources */ = {isa = PBXBuildFile; fileRef = 0A66BB8E272E6236002DB830 /* USDZviewerUITestsLaunchTests.swift */; };
		0A66BBA7272E723A002DB830 /* cookie.usdz in Resources */ = {isa = PBXBuildFile; fileRef = 0A66BBA3272E723A002DB830 /* cookie.usdz */; };
		0A66BBAA272E723A002DB830 /* mbfront.usdz in Resources */ = {isa = PBXBuildFile; fileRef = 0A66BBA6272E723A002DB830 /* mbfront.usdz */; };
		F4FAF7F2289818E30026978B /* RPIv5.usdz in Resources */ = {isa = PBXBuildFile; fileRef = F4FAF7F1289818E30026978B /* RPIv5.usdz */; };
		F4FAF7F7289820EE0026978B /* shark.usdz in Resources */ = {isa = PBXBuildFile; fileRef = F4FAF7F6289820EE0026978B /* shark.usdz */; };
/* End PBXBuildFile section */

/* Begin PBXContainerItemProxy section */
		0A66BB7F272E6236002DB830 /* PBXContainerItemProxy */ = {
			isa = PBXContainerItemProxy;
			containerPortal = 0A66BB66272E6235002DB830 /* Project object */;
			proxyType = 1;
			remoteGlobalIDString = 0A66BB6D272E6235002DB830;
			remoteInfo = USDZviewer;
		};
		0A66BB89272E6236002DB830 /* PBXContainerItemProxy */ = {
			isa = PBXContainerItemProxy;
			containerPortal = 0A66BB66272E6235002DB830 /* Project object */;
			proxyType = 1;
			remoteGlobalIDString = 0A66BB6D272E6235002DB830;
			remoteInfo = USDZviewer;
		};
/* End PBXContainerItemProxy section */

/* Begin PBXFileReference section */
		0A66BB6E272E6235002DB830 /* USDZviewer.app */ = {isa = PBXFileReference; explicitFileType = wrapper.application; includeInIndex = 0; path = USDZviewer.app; sourceTree = BUILT_PRODUCTS_DIR; };
		0A66BB71272E6235002DB830 /* USDZviewerApp.swift */ = {isa = PBXFileReference; lastKnownFileType = sourcecode.swift; path = USDZviewerApp.swift; sourceTree = "<group>"; };
		0A66BB73272E6235002DB830 /* ContentView.swift */ = {isa = PBXFileReference; lastKnownFileType = sourcecode.swift; path = ContentView.swift; sourceTree = "<group>"; };
		0A66BB75272E6236002DB830 /* Assets.xcassets */ = {isa = PBXFileReference; lastKnownFileType = folder.assetcatalog; path = Assets.xcassets; sourceTree = "<group>"; };
		0A66BB78272E6236002DB830 /* Preview Assets.xcassets */ = {isa = PBXFileReference; lastKnownFileType = folder.assetcatalog; path = "Preview Assets.xcassets"; sourceTree = "<group>"; };
		0A66BB7E272E6236002DB830 /* USDZviewerTests.xctest */ = {isa = PBXFileReference; explicitFileType = wrapper.cfbundle; includeInIndex = 0; path = USDZviewerTests.xctest; sourceTree = BUILT_PRODUCTS_DIR; };
		0A66BB82272E6236002DB830 /* USDZviewerTests.swift */ = {isa = PBXFileReference; lastKnownFileType = sourcecode.swift; path = USDZviewerTests.swift; sourceTree = "<group>"; };
		0A66BB88272E6236002DB830 /* USDZviewerUITests.xctest */ = {isa = PBXFileReference; explicitFileType = wrapper.cfbundle; includeInIndex = 0; path = USDZviewerUITests.xctest; sourceTree = BUILT_PRODUCTS_DIR; };
		0A66BB8C272E6236002DB830 /* USDZviewerUITests.swift */ = {isa = PBXFileReference; lastKnownFileType = sourcecode.swift; path = USDZviewerUITests.swift; sourceTree = "<group>"; };
		0A66BB8E272E6236002DB830 /* USDZviewerUITestsLaunchTests.swift */ = {isa = PBXFileReference; lastKnownFileType = sourcecode.swift; path = USDZviewerUITestsLaunchTests.swift; sourceTree = "<group>"; };
		0A66BBA3272E723A002DB830 /* cookie.usdz */ = {isa = PBXFileReference; lastKnownFileType = file.usdz; path = cookie.usdz; sourceTree = "<group>"; };
		0A66BBA6272E723A002DB830 /* mbfront.usdz */ = {isa = PBXFileReference; lastKnownFileType = file.usdz; path = mbfront.usdz; sourceTree = "<group>"; };
		F4FAF7F1289818E30026978B /* RPIv5.usdz */ = {isa = PBXFileReference; lastKnownFileType = file.usdz; name = RPIv5.usdz; path = ../../RPIv5.usdz; sourceTree = "<group>"; };
		F4FAF7F6289820EE0026978B /* shark.usdz */ = {isa = PBXFileReference; lastKnownFileType = file.usdz; name = shark.usdz; path = "../../-/shark.usdz"; sourceTree = "<group>"; };
/* End PBXFileReference section */

/* Begin PBXFrameworksBuildPhase section */
		0A66BB6B272E6235002DB830 /* Frameworks */ = {
			isa = PBXFrameworksBuildPhase;
			buildActionMask = 2147483647;
			files = (
			);
			runOnlyForDeploymentPostprocessing = 0;
		};
		0A66BB7B272E6236002DB830 /* Frameworks */ = {
			isa = PBXFrameworksBuildPhase;
			buildActionMask = 2147483647;
			files = (
			);
			runOnlyForDeploymentPostprocessing = 0;
		};
		0A66BB85272E6236002DB830 /* Frameworks */ = {
			isa = PBXFrameworksBuildPhase;
			buildActionMask = 2147483647;
			files = (
			);
			runOnlyForDeploymentPostprocessing = 0;
		};
/* End PBXFrameworksBuildPhase section */

/* Begin PBXGroup section */
		0A66BB65272E6235002DB830 = {
			isa = PBXGroup;
			children = (
				0A66BB70272E6235002DB830 /* USDZviewer */,
				0A66BB81272E6236002DB830 /* USDZviewerTests */,
				0A66BB8B272E6236002DB830 /* USDZviewerUITests */,
				0A66BB6F272E6235002DB830 /* Products */,
			);
			sourceTree = "<group>";
		};
		0A66BB6F272E6235002DB830 /* Products */ = {
			isa = PBXGroup;
			children = (
				0A66BB6E272E6235002DB830 /* USDZviewer.app */,
				0A66BB7E272E6236002DB830 /* USDZviewerTests.xctest */,
				0A66BB88272E6236002DB830 /* USDZviewerUITests.xctest */,
			);
			name = Products;
			sourceTree = "<group>";
		};
		0A66BB70272E6235002DB830 /* USDZviewer */ = {
			isa = PBXGroup;
			children = (
				0A66BB71272E6235002DB830 /* USDZviewerApp.swift */,
				0A66BB73272E6235002DB830 /* ContentView.swift */,
				0A66BBA3272E723A002DB830 /* cookie.usdz */,
				0A66BBA6272E723A002DB830 /* mbfront.usdz */,
				F4FAF7F1289818E30026978B /* RPIv5.usdz */,
				F4FAF7F6289820EE0026978B /* shark.usdz */,
				0A66BB75272E6236002DB830 /* Assets.xcassets */,
				0A66BB77272E6236002DB830 /* Preview Content */,
			);
			path = USDZviewer;
			sourceTree = "<group>";
		};
		0A66BB77272E6236002DB830 /* Preview Content */ = {
			isa = PBXGroup;
			children = (
				0A66BB78272E6236002DB830 /* Preview Assets.xcassets */,
			);
			path = "Preview Content";
			sourceTree = "<group>";
		};
		0A66BB81272E6236002DB830 /* USDZviewerTests */ = {
			isa = PBXGroup;
			children = (
				0A66BB82272E6236002DB830 /* USDZviewerTests.swift */,
			);
			path = USDZviewerTests;
			sourceTree = "<group>";
		};
		0A66BB8B272E6236002DB830 /* USDZviewerUITests */ = {
			isa = PBXGroup;
			children = (
				0A66BB8C272E6236002DB830 /* USDZviewerUITests.swift */,
				0A66BB8E272E6236002DB830 /* USDZviewerUITestsLaunchTests.swift */,
			);
			path = USDZviewerUITests;
			sourceTree = "<group>";
		};
/* End PBXGroup section */

/* Begin PBXNativeTarget section */
		0A66BB6D272E6235002DB830 /* USDZviewer */ = {
			isa = PBXNativeTarget;
			buildConfigurationList = 0A66BB92272E6236002DB830 /* Build configuration list for PBXNativeTarget "USDZviewer" */;
			buildPhases = (
				0A66BB6A272E6235002DB830 /* Sources */,
				0A66BB6B272E6235002DB830 /* Frameworks */,
				0A66BB6C272E6235002DB830 /* Resources */,
			);
			buildRules = (
			);
			dependencies = (
			);
			name = USDZviewer;
			productName = USDZviewer;
			productReference = 0A66BB6E272E6235002DB830 /* USDZviewer.app */;
			productType = "com.apple.product-type.application";
		};
		0A66BB7D272E6236002DB830 /* USDZviewerTests */ = {
			isa = PBXNativeTarget;
			buildConfigurationList = 0A66BB95272E6236002DB830 /* Build configuration list for PBXNativeTarget "USDZviewerTests" */;
			buildPhases = (
				0A66BB7A272E6236002DB830 /* Sources */,
				0A66BB7B272E6236002DB830 /* Frameworks */,
				0A66BB7C272E6236002DB830 /* Resources */,
			);
			buildRules = (
			);
			dependencies = (
				0A66BB80272E6236002DB830 /* PBXTargetDependency */,
			);
			name = USDZviewerTests;
			productName = USDZviewerTests;
			productReference = 0A66BB7E272E6236002DB830 /* USDZviewerTests.xctest */;
			productType = "com.apple.product-type.bundle.unit-test";
		};
		0A66BB87272E6236002DB830 /* USDZviewerUITests */ = {
			isa = PBXNativeTarget;
			buildConfigurationList = 0A66BB98272E6236002DB830 /* Build configuration list for PBXNativeTarget "USDZviewerUITests" */;
			buildPhases = (
				0A66BB84272E6236002DB830 /* Sources */,
				0A66BB85272E6236002DB830 /* Frameworks */,
				0A66BB86272E6236002DB830 /* Resources */,
			);
			buildRules = (
			);
			dependencies = (
				0A66BB8A272E6236002DB830 /* PBXTargetDependency */,
			);
			name = USDZviewerUITests;
			productName = USDZviewerUITests;
			productReference = 0A66BB88272E6236002DB830 /* USDZviewerUITests.xctest */;
			productType = "com.apple.product-type.bundle.ui-testing";
		};
/* End PBXNativeTarget section */

/* Begin PBXProject section */
		0A66BB66272E6235002DB830 /* Project object */ = {
			isa = PBXProject;
			attributes = {
				BuildIndependentTargetsInParallel = 1;
				LastSwiftUpdateCheck = 1310;
				LastUpgradeCheck = 1310;
				TargetAttributes = {
					0A66BB6D272E6235002DB830 = {
						CreatedOnToolsVersion = 13.1;
					};
					0A66BB7D272E6236002DB830 = {
						CreatedOnToolsVersion = 13.1;
						TestTargetID = 0A66BB6D272E6235002DB830;
					};
					0A66BB87272E6236002DB830 = {
						CreatedOnToolsVersion = 13.1;
						TestTargetID = 0A66BB6D272E6235002DB830;
					};
				};
			};
			buildConfigurationList = 0A66BB69272E6235002DB830 /* Build configuration list for PBXProject "USDZviewer" */;
			compatibilityVersion = "Xcode 13.0";
			developmentRegion = en;
			hasScannedForEncodings = 0;
			knownRegions = (
				en,
				Base,
			);
			mainGroup = 0A66BB65272E6235002DB830;
			productRefGroup = 0A66BB6F272E6235002DB830 /* Products */;
			projectDirPath = "";
			projectRoot = "";
			targets = (
				0A66BB6D272E6235002DB830 /* USDZviewer */,
				0A66BB7D272E6236002DB830 /* USDZviewerTests */,
				0A66BB87272E6236002DB830 /* USDZviewerUITests */,
			);
		};
/* End PBXProject section */

/* Begin PBXResourcesBuildPhase section */
		0A66BB6C272E6235002DB830 /* Resources */ = {
			isa = PBXResourcesBuildPhase;
			buildActionMask = 2147483647;
			files = (
				0A66BB79272E6236002DB830 /* Preview Assets.xcassets in Resources */,
				0A66BB76272E6236002DB830 /* Assets.xcassets in Resources */,
				0A66BBA7272E723A002DB830 /* cookie.usdz in Resources */,
				0A66BBAA272E723A002DB830 /* mbfront.usdz in Resources */,
				F4FAF7F2289818E30026978B /* RPIv5.usdz in Resources */,
				F4FAF7F7289820EE0026978B /* shark.usdz in Resources */,
			);
			runOnlyForDeploymentPostprocessing = 0;
		};
		0A66BB7C272E6236002DB830 /* Resources */ = {
			isa = PBXResourcesBuildPhase;
			buildActionMask = 2147483647;
			files = (
			);
			runOnlyForDeploymentPostprocessing = 0;
		};
		0A66BB86272E6236002DB830 /* Resources */ = {
			isa = PBXResourcesBuildPhase;
			buildActionMask = 2147483647;
			files = (
			);
			runOnlyForDeploymentPostprocessing = 0;
		};
/* End PBXResourcesBuildPhase section */

/* Begin PBXSourcesBuildPhase section */
		0A66BB6A272E6235002DB830 /* Sources */ = {
			isa = PBXSourcesBuildPhase;
			buildActionMask = 2147483647;
			files = (
				0A66BB74272E6235002DB830 /* ContentView.swift in Sources */,
				0A66BB72272E6235002DB830 /* USDZviewerApp.swift in Sources */,
			);
			runOnlyForDeploymentPostprocessing = 0;
		};
		0A66BB7A272E6236002DB830 /* Sources */ = {
			isa = PBXSourcesBuildPhase;
			buildActionMask = 2147483647;
			files = (
				0A66BB83272E6236002DB830 /* USDZviewerTests.swift in Sources */,
			);
			runOnlyForDeploymentPostprocessing = 0;
		};
		0A66BB84272E6236002DB830 /* Sources */ = {
			isa = PBXSourcesBuildPhase;
			buildActionMask = 2147483647;
			files = (
				0A66BB8F272E6236002DB830 /* USDZviewerUITestsLaunchTests.swift in Sources */,
				0A66BB8D272E6236002DB830 /* USDZviewerUITests.swift in Sources */,
			);
			runOnlyForDeploymentPostprocessing = 0;
		};
/* End PBXSourcesBuildPhase section */

/* Begin PBXTargetDependency section */
		0A66BB80272E6236002DB830 /* PBXTargetDependency */ = {
			isa = PBXTargetDependency;
			target = 0A66BB6D272E6235002DB830 /* USDZviewer */;
			targetProxy = 0A66BB7F272E6236002DB830 /* PBXContainerItemProxy */;
		};
		0A66BB8A272E6236002DB830 /* PBXTargetDependency */ = {
			isa = PBXTargetDependency;
			target = 0A66BB6D272E6235002DB830 /* USDZviewer */;
			targetProxy = 0A66BB89272E6236002DB830 /* PBXContainerItemProxy */;
		};
/* End PBXTargetDependency section */

/* Begin XCBuildConfiguration section */
		0A66BB90272E6236002DB830 /* Debug */ = {
			isa = XCBuildConfiguration;
			buildSettings = {
				ALWAYS_SEARCH_USER_PATHS = NO;
				CLANG_ANALYZER_NONNULL = YES;
				CLANG_ANALYZER_NUMBER_OBJECT_CONVERSION = YES_AGGRESSIVE;
				CLANG_CXX_LANGUAGE_STANDARD = "gnu++17";
				CLANG_CXX_LIBRARY = "libc++";
				CLANG_ENABLE_MODULES = YES;
				CLANG_ENABLE_OBJC_ARC = YES;
				CLANG_ENABLE_OBJC_WEAK = YES;
				CLANG_WARN_BLOCK_CAPTURE_AUTORELEASING = YES;
				CLANG_WARN_BOOL_CONVERSION = YES;
				CLANG_WARN_COMMA = YES;
				CLANG_WARN_CONSTANT_CONVERSION = YES;
				CLANG_WARN_DEPRECATED_OBJC_IMPLEMENTATIONS = YES;
				CLANG_WARN_DIRECT_OBJC_ISA_USAGE = YES_ERROR;
				CLANG_WARN_DOCUMENTATION_COMMENTS = YES;
				CLANG_WARN_EMPTY_BODY = YES;
				CLANG_WARN_ENUM_CONVERSION = YES;
				CLANG_WARN_INFINITE_RECURSION = YES;
				CLANG_WARN_INT_CONVERSION = YES;
				CLANG_WARN_NON_LITERAL_NULL_CONVERSION = YES;
				CLANG_WARN_OBJC_IMPLICIT_RETAIN_SELF = YES;
				CLANG_WARN_OBJC_LITERAL_CONVERSION = YES;
				CLANG_WARN_OBJC_ROOT_CLASS = YES_ERROR;
				CLANG_WARN_QUOTED_INCLUDE_IN_FRAMEWORK_HEADER = YES;
				CLANG_WARN_RANGE_LOOP_ANALYSIS = YES;
				CLANG_WARN_STRICT_PROTOTYPES = YES;
				CLANG_WARN_SUSPICIOUS_MOVE = YES;
				CLANG_WARN_UNGUARDED_AVAILABILITY = YES_AGGRESSIVE;
				CLANG_WARN_UNREACHABLE_CODE = YES;
				CLANG_WARN__DUPLICATE_METHOD_MATCH = YES;
				COPY_PHASE_STRIP = NO;
				DEBUG_INFORMATION_FORMAT = dwarf;
				ENABLE_STRICT_OBJC_MSGSEND = YES;
				ENABLE_TESTABILITY = YES;
				GCC_C_LANGUAGE_STANDARD = gnu11;
				GCC_DYNAMIC_NO_PIC = NO;
				GCC_NO_COMMON_BLOCKS = YES;
				GCC_OPTIMIZATION_LEVEL = 0;
				GCC_PREPROCESSOR_DEFINITIONS = (
					"DEBUG=1",
					"$(inherited)",
				);
				GCC_WARN_64_TO_32_BIT_CONVERSION = YES;
				GCC_WARN_ABOUT_RETURN_TYPE = YES_ERROR;
				GCC_WARN_UNDECLARED_SELECTOR = YES;
				GCC_WARN_UNINITIALIZED_AUTOS = YES_AGGRESSIVE;
				GCC_WARN_UNUSED_FUNCTION = YES;
				GCC_WARN_UNUSED_VARIABLE = YES;
				IPHONEOS_DEPLOYMENT_TARGET = 15.0;
				MTL_ENABLE_DEBUG_INFO = INCLUDE_SOURCE;
				MTL_FAST_MATH = YES;
				ONLY_ACTIVE_ARCH = YES;
				SDKROOT = iphoneos;
				SWIFT_ACTIVE_COMPILATION_CONDITIONS = DEBUG;
				SWIFT_OPTIMIZATION_LEVEL = "-Onone";
			};
			name = Debug;
		};
		0A66BB91272E6236002DB830 /* Release */ = {
			isa = XCBuildConfiguration;
			buildSettings = {
				ALWAYS_SEARCH_USER_PATHS = NO;
				CLANG_ANALYZER_NONNULL = YES;
				CLANG_ANALYZER_NUMBER_OBJECT_CONVERSION = YES_AGGRESSIVE;
				CLANG_CXX_LANGUAGE_STANDARD = "gnu++17";
				CLANG_CXX_LIBRARY = "libc++";
				CLANG_ENABLE_MODULES = YES;
				CLANG_ENABLE_OBJC_ARC = YES;
				CLANG_ENABLE_OBJC_WEAK = YES;
				CLANG_WARN_BLOCK_CAPTURE_AUTORELEASING = YES;
				CLANG_WARN_BOOL_CONVERSION = YES;
				CLANG_WARN_COMMA = YES;
				CLANG_WARN_CONSTANT_CONVERSION = YES;
				CLANG_WARN_DEPRECATED_OBJC_IMPLEMENTATIONS = YES;
				CLANG_WARN_DIRECT_OBJC_ISA_USAGE = YES_ERROR;
				CLANG_WARN_DOCUMENTATION_COMMENTS = YES;
				CLANG_WARN_EMPTY_BODY = YES;
				CLANG_WARN_ENUM_CONVERSION = YES;
				CLANG_WARN_INFINITE_RECURSION = YES;
				CLANG_WARN_INT_CONVERSION = YES;
				CLANG_WARN_NON_LITERAL_NULL_CONVERSION = YES;
				CLANG_WARN_OBJC_IMPLICIT_RETAIN_SELF = YES;
				CLANG_WARN_OBJC_LITERAL_CONVERSION = YES;
				CLANG_WARN_OBJC_ROOT_CLASS = YES_ERROR;
				CLANG_WARN_QUOTED_INCLUDE_IN_FRAMEWORK_HEADER = YES;
				CLANG_WARN_RANGE_LOOP_ANALYSIS = YES;
				CLANG_WARN_STRICT_PROTOTYPES = YES;
				CLANG_WARN_SUSPICIOUS_MOVE = YES;
				CLANG_WARN_UNGUARDED_AVAILABILITY = YES_AGGRESSIVE;
				CLANG_WARN_UNREACHABLE_CODE = YES;
				CLANG_WARN__DUPLICATE_METHOD_MATCH = YES;
				COPY_PHASE_STRIP = NO;
				DEBUG_INFORMATION_FORMAT = "dwarf-with-dsym";
				ENABLE_NS_ASSERTIONS = NO;
				ENABLE_STRICT_OBJC_MSGSEND = YES;
				GCC_C_LANGUAGE_STANDARD = gnu11;
				GCC_NO_COMMON_BLOCKS = YES;
				GCC_WARN_64_TO_32_BIT_CONVERSION = YES;
				GCC_WARN_ABOUT_RETURN_TYPE = YES_ERROR;
				GCC_WARN_UNDECLARED_SELECTOR = YES;
				GCC_WARN_UNINITIALIZED_AUTOS = YES_AGGRESSIVE;
				GCC_WARN_UNUSED_FUNCTION = YES;
				GCC_WARN_UNUSED_VARIABLE = YES;
				IPHONEOS_DEPLOYMENT_TARGET = 15.0;
				MTL_ENABLE_DEBUG_INFO = NO;
				MTL_FAST_MATH = YES;
				SDKROOT = iphoneos;
				SWIFT_COMPILATION_MODE = wholemodule;
				SWIFT_OPTIMIZATION_LEVEL = "-O";
				VALIDATE_PRODUCT = YES;
			};
			name = Release;
		};
		0A66BB93272E6236002DB830 /* Debug */ = {
			isa = XCBuildConfiguration;
			buildSettings = {
				ASSETCATALOG_COMPILER_APPICON_NAME = AppIcon;
				ASSETCATALOG_COMPILER_GLOBAL_ACCENT_COLOR_NAME = AccentColor;
				CODE_SIGN_STYLE = Automatic;
				CURRENT_PROJECT_VERSION = 1;
				DEVELOPMENT_ASSET_PATHS = "\"USDZviewer/Preview Content\"";
				DEVELOPMENT_TEAM = K94TQ5Q9AL;
				ENABLE_PREVIEWS = YES;
				GENERATE_INFOPLIST_FILE = YES;
				INFOPLIST_KEY_UIApplicationSceneManifest_Generation = YES;
				INFOPLIST_KEY_UIApplicationSupportsIndirectInputEvents = YES;
				INFOPLIST_KEY_UILaunchScreen_Generation = YES;
				INFOPLIST_KEY_UISupportedInterfaceOrientations_iPad = "UIInterfaceOrientationPortrait UIInterfaceOrientationPortraitUpsideDown UIInterfaceOrientationLandscapeLeft UIInterfaceOrientationLandscapeRight";
				INFOPLIST_KEY_UISupportedInterfaceOrientations_iPhone = "UIInterfaceOrientationPortrait UIInterfaceOrientationLandscapeLeft UIInterfaceOrientationLandscapeRight";
				INFOPLIST_KEY_UIUserInterfaceStyle = Light;
				LD_RUNPATH_SEARCH_PATHS = (
					"$(inherited)",
					"@executable_path/Frameworks",
				);
				MARKETING_VERSION = 1.0;
				PRODUCT_BUNDLE_IDENTIFIER = sg.wx.USDZviewer;
				PRODUCT_NAME = "$(TARGET_NAME)";
				SWIFT_EMIT_LOC_STRINGS = YES;
				SWIFT_VERSION = 5.0;
				TARGETED_DEVICE_FAMILY = "1,2";
			};
			name = Debug;
		};
		0A66BB94272E6236002DB830 /* Release */ = {
			isa = XCBuildConfiguration;
			buildSettings = {
				ASSETCATALOG_COMPILER_APPICON_NAME = AppIcon;
				ASSETCATALOG_COMPILER_GLOBAL_ACCENT_COLOR_NAME = AccentColor;
				CODE_SIGN_STYLE = Automatic;
				CURRENT_PROJECT_VERSION = 1;
				DEVELOPMENT_ASSET_PATHS = "\"USDZviewer/Preview Content\"";
				DEVELOPMENT_TEAM = K94TQ5Q9AL;
				ENABLE_PREVIEWS = YES;
				GENERATE_INFOPLIST_FILE = YES;
				INFOPLIST_KEY_UIApplicationSceneManifest_Generation = YES;
				INFOPLIST_KEY_UIApplicationSupportsIndirectInputEvents = YES;
				INFOPLIST_KEY_UILaunchScreen_Generation = YES;
				INFOPLIST_KEY_UISupportedInterfaceOrientations_iPad = "UIInterfaceOrientationPortrait UIInterfaceOrientationPortraitUpsideDown UIInterfaceOrientationLandscapeLeft UIInterfaceOrientationLandscapeRight";
				INFOPLIST_KEY_UISupportedInterfaceOrientations_iPhone = "UIInterfaceOrientationPortrait UIInterfaceOrientationLandscapeLeft UIInterfaceOrientationLandscapeRight";
				INFOPLIST_KEY_UIUserInterfaceStyle = Light;
				LD_RUNPATH_SEARCH_PATHS = (
					"$(inherited)",
					"@executable_path/Frameworks",
				);
				MARKETING_VERSION = 1.0;
				PRODUCT_BUNDLE_IDENTIFIER = sg.wx.USDZviewer;
				PRODUCT_NAME = "$(TARGET_NAME)";
				SWIFT_EMIT_LOC_STRINGS = YES;
				SWIFT_VERSION = 5.0;
				TARGETED_DEVICE_FAMILY = "1,2";
			};
			name = Release;
		};
		0A66BB96272E6236002DB830 /* Debug */ = {
			isa = XCBuildConfiguration;
			buildSettings = {
				ALWAYS_EMBED_SWIFT_STANDARD_LIBRARIES = YES;
				BUNDLE_LOADER = "$(TEST_HOST)";
				CODE_SIGN_STYLE = Automatic;
				CURRENT_PROJECT_VERSION = 1;
				DEVELOPMENT_TEAM = K94TQ5Q9AL;
				GENERATE_INFOPLIST_FILE = YES;
				IPHONEOS_DEPLOYMENT_TARGET = 15.0;
				LD_RUNPATH_SEARCH_PATHS = (
					"$(inherited)",
					"@executable_path/Frameworks",
					"@loader_path/Frameworks",
				);
				MARKETING_VERSION = 1.0;
				PRODUCT_BUNDLE_IDENTIFIER = sg.wx.USDZviewerTests;
				PRODUCT_NAME = "$(TARGET_NAME)";
				SWIFT_EMIT_LOC_STRINGS = NO;
				SWIFT_VERSION = 5.0;
				TARGETED_DEVICE_FAMILY = "1,2";
				TEST_HOST = "$(BUILT_PRODUCTS_DIR)/USDZviewer.app/USDZviewer";
			};
			name = Debug;
		};
		0A66BB97272E6236002DB830 /* Release */ = {
			isa = XCBuildConfiguration;
			buildSettings = {
				ALWAYS_EMBED_SWIFT_STANDARD_LIBRARIES = YES;
				BUNDLE_LOADER = "$(TEST_HOST)";
				CODE_SIGN_STYLE = Automatic;
				CURRENT_PROJECT_VERSION = 1;
				DEVELOPMENT_TEAM = K94TQ5Q9AL;
				GENERATE_INFOPLIST_FILE = YES;
				IPHONEOS_DEPLOYMENT_TARGET = 15.0;
				LD_RUNPATH_SEARCH_PATHS = (
					"$(inherited)",
					"@executable_path/Frameworks",
					"@loader_path/Frameworks",
				);
				MARKETING_VERSION = 1.0;
				PRODUCT_BUNDLE_IDENTIFIER = sg.wx.USDZviewerTests;
				PRODUCT_NAME = "$(TARGET_NAME)";
				SWIFT_EMIT_LOC_STRINGS = NO;
				SWIFT_VERSION = 5.0;
				TARGETED_DEVICE_FAMILY = "1,2";
				TEST_HOST = "$(BUILT_PRODUCTS_DIR)/USDZviewer.app/USDZviewer";
			};
			name = Release;
		};
		0A66BB99272E6236002DB830 /* Debug */ = {
			isa = XCBuildConfiguration;
			buildSettings = {
				ALWAYS_EMBED_SWIFT_STANDARD_LIBRARIES = YES;
				CODE_SIGN_STYLE = Automatic;
				CURRENT_PROJECT_VERSION = 1;
				DEVELOPMENT_TEAM = K94TQ5Q9AL;
				GENERATE_INFOPLIST_FILE = YES;
				LD_RUNPATH_SEARCH_PATHS = (
					"$(inherited)",
					"@executable_path/Frameworks",
					"@loader_path/Frameworks",
				);
				MARKETING_VERSION = 1.0;
				PRODUCT_BUNDLE_IDENTIFIER = sg.wx.USDZviewerUITests;
				PRODUCT_NAME = "$(TARGET_NAME)";
				SWIFT_EMIT_LOC_STRINGS = NO;
				SWIFT_VERSION = 5.0;
				TARGETED_DEVICE_FAMILY = "1,2";
				TEST_TARGET_NAME = USDZviewer;
			};
			name = Debug;
		};
		0A66BB9A272E6236002DB830 /* Release */ = {
			isa = XCBuildConfiguration;
			buildSettings = {
				ALWAYS_EMBED_SWIFT_STANDARD_LIBRARIES = YES;
				CODE_SIGN_STYLE = Automatic;
				CURRENT_PROJECT_VERSION = 1;
				DEVELOPMENT_TEAM = K94TQ5Q9AL;
				GENERATE_INFOPLIST_FILE = YES;
				LD_RUNPATH_SEARCH_PATHS = (
					"$(inherited)",
					"@executable_path/Frameworks",
					"@loader_path/Frameworks",
				);
				MARKETING_VERSION = 1.0;
				PRODUCT_BUNDLE_IDENTIFIER = sg.wx.USDZviewerUITests;
				PRODUCT_NAME = "$(TARGET_NAME)";
				SWIFT_EMIT_LOC_STRINGS = NO;
				SWIFT_VERSION = 5.0;
				TARGETED_DEVICE_FAMILY = "1,2";
				TEST_TARGET_NAME = USDZviewer;
			};
			name = Release;
		};
/* End XCBuildConfiguration section */

/* Begin XCConfigurationList section */
		0A66BB69272E6235002DB830 /* Build configuration list for PBXProject "USDZviewer" */ = {
			isa = XCConfigurationList;
			buildConfigurations = (
				0A66BB90272E6236002DB830 /* Debug */,
				0A66BB91272E6236002DB830 /* Release */,
			);
			defaultConfigurationIsVisible = 0;
			defaultConfigurationName = Release;
		};
		0A66BB92272E6236002DB830 /* Build configuration list for PBXNativeTarget "USDZviewer" */ = {
			isa = XCConfigurationList;
			buildConfigurations = (
				0A66BB93272E6236002DB830 /* Debug */,
				0A66BB94272E6236002DB830 /* Release */,
			);
			defaultConfigurationIsVisible = 0;
			defaultConfigurationName = Release;
		};
		0A66BB95272E6236002DB830 /* Build configuration list for PBXNativeTarget "USDZviewerTests" */ = {
			isa = XCConfigurationList;
			buildConfigurations = (
				0A66BB96272E6236002DB830 /* Debug */,
				0A66BB97272E6236002DB830 /* Release */,
			);
			defaultConfigurationIsVisible = 0;
			defaultConfigurationName = Release;
		};
		0A66BB98272E6236002DB830 /* Build configuration list for PBXNativeTarget "USDZviewerUITests" */ = {
			isa = XCConfigurationList;
			buildConfigurations = (
				0A66BB99272E6236002DB830 /* Debug */,
				0A66BB9A272E6236002DB830 /* Release */,
			);
			defaultConfigurationIsVisible = 0;
			defaultConfigurationName = Release;
		};
/* End XCConfigurationList section */
	};
	rootObject = 0A66BB66272E6235002DB830 /* Project object */;
}
